
Microsoft Visual Studio Solution File, Format Version 12.00
# Visual Studio Version 16
VisualStudioVersion = 16.0.29215.179
MinimumVisualStudioVersion = 10.0.40219.1
Project("{FAE04EC0-301F-11D3-BF4B-00C04F79EFBC}") = "ProcessCustomerPrintOrders", "ProcessCustomerPrintOrders.csproj", "{0735D663-000F-4AD1-BD6D-750062C21FF4}"
EndProject
Project("{FAE04EC0-301F-11D3-BF4B-00C04F79EFBC}") = "TestBatchApplication", "..\TestBatchApplication\TestBatchApplication.csproj", "{62E14340-5DFB-4F61-B215-60A0333B46BC}"
EndProject
Global
	GlobalSection(SolutionConfigurationPlatforms) = preSolution
		Debug|Any CPU = Debug|Any CPU
		Release|Any CPU = Release|Any CPU
	EndGlobalSection
	GlobalSection(ProjectConfigurationPlatforms) = postSolution
		{0735D663-000F-4AD1-BD6D-750062C21FF4}.Debug|Any CPU.ActiveCfg = Debug|Any CPU
		{0735D663-000F-4AD1-BD6D-750062C21FF4}.Debug|Any CPU.Build.0 = Debug|Any CPU
		{0735D663-000F-4AD1-BD6D-750062C21FF4}.Release|Any CPU.ActiveCfg = Release|Any CPU
		{0735D663-000F-4AD1-BD6D-750062C21FF4}.Release|Any CPU.Build.0 = Release|Any CPU
		{62E14340-5DFB-4F61-B215-60A0333B46BC}.Debug|Any CPU.ActiveCfg = Debug|Any CPU
		{62E14340-5DFB-4F61-B215-60A0333B46BC}.Debug|Any CPU.Build.0 = Debug|Any CPU
		{62E14340-5DFB-4F61-B215-60A0333B46BC}.Release|Any CPU.ActiveCfg = Release|Any CPU
		{62E14340-5DFB-4F61-B215-60A0333B46BC}.Release|Any CPU.Build.0 = Release|Any CPU
	EndGlobalSection
	GlobalSection(SolutionProperties) = preSolution
		HideSolutionNode = FALSE
	EndGlobalSection
	GlobalSection(ExtensibilityGlobals) = postSolution
		SolutionGuid = {1A8E439E-1CF7-45AD-98BB-6119EDA2A469}
	EndGlobalSection
EndGlobal
